
Microsoft Visual Studio Solution File, Format Version 12.00
# Visual Studio Version 17
VisualStudioVersion = 17.7.34202.233
MinimumVisualStudioVersion = 10.0.40219.1
Project("{FAE04EC0-301F-11D3-BF4B-00C04F79EFBC}") = "2048.WinForms", "2048.WinForms\2048.WinForms.csproj", "{AE6AF69B-61B4-4AD9-A878-925AE8EC8EF3}"
EndProject
Global
	GlobalSection(SolutionConfigurationPlatforms) = preSolution
		Debug|Any CPU = Debug|Any CPU
		Release|Any CPU = Release|Any CPU
	EndGlobalSection
	GlobalSection(ProjectConfigurationPlatforms) = postSolution
		{AE6AF69B-61B4-4AD9-A878-925AE8EC8EF3}.Debug|Any CPU.ActiveCfg = Debug|Any CPU
		{AE6AF69B-61B4-4AD9-A878-925AE8EC8EF3}.Debug|Any CPU.Build.0 = Debug|Any CPU
		{AE6AF69B-61B4-4AD9-A878-925AE8EC8EF3}.Release|Any CPU.ActiveCfg = Release|Any CPU
		{AE6AF69B-61B4-4AD9-A878-925AE8EC8EF3}.Release|Any CPU.Build.0 = Release|Any CPU
	EndGlobalSection
	GlobalSection(SolutionProperties) = preSolution
		HideSolutionNode = FALSE
	EndGlobalSection
	GlobalSection(ExtensibilityGlobals) = postSolution
		SolutionGuid = {1AB83BFB-0E12-403D-9EDD-CED8BB575164}
	EndGlobalSection
EndGlobal
